<?xml version="1.0" encoding="utf-8"?>
<Project ToolsVersion="4.0" xmlns="http://schemas.microsoft.com/developer/msbuild/2003">
  <ItemGroup>
    <ClCompile Include="InitializeOnLoadScene.cpp" />
    <ClCompile Include="AndroidMain.cpp">
      <Filter>XPlatform\Platform\Android</Filter>
    </ClCompile>
    <ClCompile Include="iOSMain.cpp">
      <Filter>XPlatform\Platform\iOS</Filter>
    </ClCompile>
    <ClCompile Include="Win32Main.cpp">
      <Filter>XPlatform\Platform\Win32</Filter>
    </ClCompile>
    <ClCompile Include="Win32Application.cpp">
      <Filter>XPlatform\Platform\Win32</Filter>
    </ClCompile>
    <ClCompile Include="Win32GL.cpp">
      <Filter>XPlatform\Platform\Win32</Filter>
    </ClCompile>
    <ClCompile Include="Sprite.cpp">
      <Filter>XPlatform\Rendering</Filter>
    </ClCompile>
    <ClCompile Include="Camera.cpp">
      <Filter>XPlatform\Rendering</Filter>
    </ClCompile>
    <ClCompile Include="Node.cpp">
      <Filter>XPlatform\Node</Filter>
    </ClCompile>
    <ClCompile Include="Mesh.cpp">
      <Filter>XPlatform\Rendering</Filter>
    </ClCompile>
    <ClCompile Include="Matrix16.cpp">
      <Filter>XPlatform\DataType</Filter>
    </ClCompile>
    <ClCompile Include="SceneManager.cpp">
      <Filter>XPlatform\Scene</Filter>
    </ClCompile>
    <ClCompile Include="Scene.cpp">
      <Filter>XPlatform\Scene</Filter>
    </ClCompile>
    <ClCompile Include="Object.cpp">
      <Filter>XPlatform\Base</Filter>
    </ClCompile>
    <ClCompile Include="External\loadpng\lodepng.cpp">
      <Filter>XPlatform\ExternalLibraries\lodepng</Filter>
    </ClCompile>
    <ClCompile Include="Texture.cpp">
      <Filter>XPlatform\Rendering</Filter>
    </ClCompile>
    <ClCompile Include="RandomIdentifier.cpp">
      <Filter>XPlatform\Base</Filter>
    </ClCompile>
    <ClCompile Include="BatchSprite.cpp">
      <Filter>XPlatform\Rendering</Filter>
    </ClCompile>
    <ClCompile Include="TextureManager.cpp">
      <Filter>XPlatform\Rendering</Filter>
    </ClCompile>
    <ClCompile Include="Component.cpp">
      <Filter>XPlatform\Component</Filter>
    </ClCompile>
    <ClCompile Include="WebRequest.cpp">
      <Filter>XPlatform\Network</Filter>
    </ClCompile>
    <ClCompile Include="Win32Socket.cpp">
      <Filter>XPlatform\Platform\Win32</Filter>
    </ClCompile>
    <ClCompile Include="Application.cpp">
      <Filter>XPlatform\Common</Filter>
    </ClCompile>
    <ClCompile Include="StringUtility.cpp">
      <Filter>XPlatform\Base</Filter>
    </ClCompile>
    <ClCompile Include="TransformNode.cpp">
      <Filter>XPlatform\Node</Filter>
    </ClCompile>
  </ItemGroup>
  <ItemGroup>
    <ClInclude Include="InitializeOnLoadScene.h" />
    <ClInclude Include="Win32Application.h">
      <Filter>XPlatform\Platform\Win32</Filter>
    </ClInclude>
    <ClInclude Include="Win32GL.h">
      <Filter>XPlatform\Platform\Win32</Filter>
    </ClInclude>
    <ClInclude Include="Sprite.h">
      <Filter>XPlatform\Rendering</Filter>
    </ClInclude>
    <ClInclude Include="SharedClass.h">
      <Filter>XPlatform\Base</Filter>
    </ClInclude>
    <ClInclude Include="Renderer.h">
      <Filter>XPlatform\Rendering</Filter>
    </ClInclude>
    <ClInclude Include="Camera.h">
      <Filter>XPlatform\Rendering</Filter>
    </ClInclude>
    <ClInclude Include="Node.h">
      <Filter>XPlatform\Node</Filter>
    </ClInclude>
    <ClInclude Include="Mesh.h">
      <Filter>XPlatform\Rendering</Filter>
    </ClInclude>
    <ClInclude Include="Quad.h">
      <Filter>XPlatform\Rendering</Filter>
    </ClInclude>
    <ClInclude Include="Vertex.h">
      <Filter>XPlatform\DataType</Filter>
    </ClInclude>
    <ClInclude Include="Vector3.h">
      <Filter>XPlatform\DataType</Filter>
    </ClInclude>
    <ClInclude Include="Vector2.h">
      <Filter>XPlatform\DataType</Filter>
    </ClInclude>
    <ClInclude Include="Matrix16.h">
      <Filter>XPlatform\DataType</Filter>
    </ClInclude>
    <ClInclude Include="Color.h">
      <Filter>XPlatform\DataType</Filter>
    </ClInclude>
    <ClInclude Include="Component.h">
      <Filter>XPlatform\Component</Filter>
    </ClInclude>
    <ClInclude Include="Scene.h">
      <Filter>XPlatform\Scene</Filter>
    </ClInclude>
    <ClInclude Include="SceneManager.h">
      <Filter>XPlatform\Scene</Filter>
    </ClInclude>
    <ClInclude Include="Object.h">
      <Filter>XPlatform\Base</Filter>
    </ClInclude>
    <ClInclude Include="External\loadpng\lodepng.h">
      <Filter>XPlatform\ExternalLibraries\lodepng</Filter>
    </ClInclude>
    <ClInclude Include="Texture.h">
      <Filter>XPlatform\Rendering</Filter>
    </ClInclude>
    <ClInclude Include="RandomIdentifier.h">
      <Filter>XPlatform\Base</Filter>
    </ClInclude>
    <ClInclude Include="BatchSprite.h">
      <Filter>XPlatform\Rendering</Filter>
    </ClInclude>
    <ClInclude Include="TextureManager.h">
      <Filter>XPlatform\Rendering</Filter>
    </ClInclude>
    <ClInclude Include="WebRequest.h">
      <Filter>XPlatform\Network</Filter>
    </ClInclude>
    <ClInclude Include="Win32Socket.h">
      <Filter>XPlatform\Platform\Win32</Filter>
    </ClInclude>
    <ClInclude Include="XPlatform.h">
      <Filter>XPlatform</Filter>
    </ClInclude>
    <ClInclude Include="ISocket.h">
      <Filter>XPlatform\Common</Filter>
    </ClInclude>
    <ClInclude Include="Application.h">
      <Filter>XPlatform\Common</Filter>
    </ClInclude>
    <ClInclude Include="IGL.h">
      <Filter>XPlatform\Common</Filter>
    </ClInclude>
    <ClInclude Include="StringUtility.h">
      <Filter>XPlatform\Base</Filter>
    </ClInclude>
    <ClInclude Include="TransformNode.h">
      <Filter>XPlatform\Node</Filter>
    </ClInclude>
    <ClInclude Include="ILogger.h">
      <Filter>XPlatform\Common</Filter>
    </ClInclude>
    <ClInclude Include="IRenderer.h">
      <Filter>XPlatform\Common</Filter>
    </ClInclude>
  </ItemGroup>
  <ItemGroup>
    <Filter Include="XPlatform">
      <UniqueIdentifier>{ac17a008-a5f4-4eae-84b8-7dc39ec291fb}</UniqueIdentifier>
    </Filter>
    <Filter Include="XPlatform\Platform">
      <UniqueIdentifier>{b1fc989a-2a87-42c2-b60e-05492c36da90}</UniqueIdentifier>
    </Filter>
    <Filter Include="XPlatform\Platform\Win32">
      <UniqueIdentifier>{2066db47-5669-4253-b1b8-2adb25027707}</UniqueIdentifier>
    </Filter>
    <Filter Include="XPlatform\Platform\Android">
      <UniqueIdentifier>{5fd21078-5672-43d4-b7b5-13e8f2c09213}</UniqueIdentifier>
    </Filter>
    <Filter Include="XPlatform\Platform\iOS">
      <UniqueIdentifier>{5abf3427-9157-44dd-a418-a2cbc3e3f948}</UniqueIdentifier>
    </Filter>
    <Filter Include="XPlatform\Rendering">
      <UniqueIdentifier>{74965c58-aa08-45ce-ab13-0b344a8c94a2}</UniqueIdentifier>
    </Filter>
    <Filter Include="XPlatform\Node">
      <UniqueIdentifier>{35eda9c7-371a-4152-b825-afeae0bbcfd5}</UniqueIdentifier>
    </Filter>
    <Filter Include="XPlatform\DataType">
      <UniqueIdentifier>{4a91fb21-ac90-4bc9-a2a1-6aa94b202260}</UniqueIdentifier>
    </Filter>
    <Filter Include="XPlatform\Component">
      <UniqueIdentifier>{10f9f58e-f356-42de-ab1e-fc76f02b44ab}</UniqueIdentifier>
    </Filter>
    <Filter Include="XPlatform\Scene">
      <UniqueIdentifier>{36be2e52-fd68-4dd8-b14f-e7616a8eb54c}</UniqueIdentifier>
    </Filter>
    <Filter Include="XPlatform\Platform\MacOSX">
      <UniqueIdentifier>{163110fc-f5d2-483a-9cfa-d62ac2876337}</UniqueIdentifier>
    </Filter>
    <Filter Include="XPlatform\Platform\Linux">
      <UniqueIdentifier>{92967e03-0c63-49ee-9262-2796d57c1a38}</UniqueIdentifier>
    </Filter>
    <Filter Include="XPlatform\ExternalLibraries">
      <UniqueIdentifier>{a135dddd-b66d-4592-9712-cdbffad47e61}</UniqueIdentifier>
    </Filter>
    <Filter Include="XPlatform\ExternalLibraries\lodepng">
      <UniqueIdentifier>{eaa56c69-d822-45fb-85ed-a1972448336e}</UniqueIdentifier>
    </Filter>
    <Filter Include="XPlatform\Network">
      <UniqueIdentifier>{8e5b9835-8292-4a2c-b2c1-55e0d0d59d26}</UniqueIdentifier>
    </Filter>
    <Filter Include="XPlatform\Base">
      <UniqueIdentifier>{3f22c2b9-1a1e-40ea-97e5-98a1c4051ac3}</UniqueIdentifier>
    </Filter>
    <Filter Include="XPlatform\Common">
      <UniqueIdentifier>{c7ceab36-2a57-495c-80e9-edd663a2c002}</UniqueIdentifier>
    </Filter>
  </ItemGroup>
</Project>